
Microsoft Visual Studio Solution File, Format Version 12.00
# Visual Studio Version 16
VisualStudioVersion = 16.0.30011.22
MinimumVisualStudioVersion = 10.0.40219.1
Project("{FAE04EC0-301F-11D3-BF4B-00C04F79EFBC}") = "Release 1", "Release 1\Release 1.csproj", "{7635AC4D-5203-4236-B5D7-00557F4EF77B}"
EndProject
Global
	GlobalSection(SolutionConfigurationPlatforms) = preSolution
		Debug|Any CPU = Debug|Any CPU
		Release|Any CPU = Release|Any CPU
	EndGlobalSection
	GlobalSection(ProjectConfigurationPlatforms) = postSolution
		{7635AC4D-5203-4236-B5D7-00557F4EF77B}.Debug|Any CPU.ActiveCfg = Debug|Any CPU
		{7635AC4D-5203-4236-B5D7-00557F4EF77B}.Debug|Any CPU.Build.0 = Debug|Any CPU
		{7635AC4D-5203-4236-B5D7-00557F4EF77B}.Release|Any CPU.ActiveCfg = Release|Any CPU
		{7635AC4D-5203-4236-B5D7-00557F4EF77B}.Release|Any CPU.Build.0 = Release|Any CPU
	EndGlobalSection
	GlobalSection(SolutionProperties) = preSolution
		HideSolutionNode = FALSE
	EndGlobalSection
	GlobalSection(ExtensibilityGlobals) = postSolution
		SolutionGuid = {2B9EBE11-8107-4763-90D6-B72B5AD9D021}
	EndGlobalSection
EndGlobal
